// !$*UTF8*$!
{
	archiveVersion = 1;
	classes = {
	};
	objectVersion = 46;
	objects = {

/* Begin PBXBuildFile section */
		5C45B9311E2DC1A6003DB72D /* main.m in Sources */ = {isa = PBXBuildFile; fileRef = 5C45B9301E2DC1A6003DB72D /* main.m */; };
		5C45B9341E2DC1A6003DB72D /* AppDelegate.m in Sources */ = {isa = PBXBuildFile; fileRef = 5C45B9331E2DC1A6003DB72D /* AppDelegate.m */; };
		5C45B9371E2DC1A6003DB72D /* ViewController.m in Sources */ = {isa = PBXBuildFile; fileRef = 5C45B9361E2DC1A6003DB72D /* ViewController.m */; };
		5C45B93A1E2DC1A6003DB72D /* Main.storyboard in Resources */ = {isa = PBXBuildFile; fileRef = 5C45B9381E2DC1A6003DB72D /* Main.storyboard */; };
		5C45B93C1E2DC1A6003DB72D /* Assets.xcassets in Resources */ = {isa = PBXBuildFile; fileRef = 5C45B93B1E2DC1A6003DB72D /* Assets.xcassets */; };
		5C45B93F1E2DC1A6003DB72D /* LaunchScreen.storyboard in Resources */ = {isa = PBXBuildFile; fileRef = 5C45B93D1E2DC1A6003DB72D /* LaunchScreen.storyboard */; };
		5C45B94A1E2DC1A6003DB72D /* DropMenuDemoTests.m in Sources */ = {isa = PBXBuildFile; fileRef = 5C45B9491E2DC1A6003DB72D /* DropMenuDemoTests.m */; };
		5C45B9551E2DC1A6003DB72D /* DropMenuDemoUITests.m in Sources */ = {isa = PBXBuildFile; fileRef = 5C45B9541E2DC1A6003DB72D /* DropMenuDemoUITests.m */; };
/* End PBXBuildFile section */

/* Begin PBXContainerItemProxy section */
		5C45B9461E2DC1A6003DB72D /* PBXContainerItemProxy */ = {
			isa = PBXContainerItemProxy;
			containerPortal = 5C45B9241E2DC1A6003DB72D /* Project object */;
			proxyType = 1;
			remoteGlobalIDString = 5C45B92B1E2DC1A6003DB72D;
			remoteInfo = DropMenuDemo;
		};
		5C45B9511E2DC1A6003DB72D /* PBXContainerItemProxy */ = {
			isa = PBXContainerItemProxy;
			containerPortal = 5C45B9241E2DC1A6003DB72D /* Project object */;
			proxyType = 1;
			remoteGlobalIDString = 5C45B92B1E2DC1A6003DB72D;
			remoteInfo = DropMenuDemo;
		};
/* End PBXContainerItemProxy section */

/* Begin PBXFileReference section */
		5C45B92C1E2DC1A6003DB72D /* DropMenuDemo.app */ = {isa = PBXFileReference; explicitFileType = wrapper.application; includeInIndex = 0; path = DropMenuDemo.app; sourceTree = BUILT_PRODUCTS_DIR; };
		5C45B9301E2DC1A6003DB72D /* main.m */ = {isa = PBXFileReference; lastKnownFileType = sourcecode.c.objc; path = main.m; sourceTree = "<group>"; };
		5C45B9321E2DC1A6003DB72D /* AppDelegate.h */ = {isa = PBXFileReference; lastKnownFileType = sourcecode.c.h; path = AppDelegate.h; sourceTree = "<group>"; };
		5C45B9331E2DC1A6003DB72D /* AppDelegate.m */ = {isa = PBXFileReference; lastKnownFileType = sourcecode.c.objc; path = AppDelegate.m; sourceTree = "<group>"; };
		5C45B9351E2DC1A6003DB72D /* ViewController.h */ = {isa = PBXFileReference; lastKnownFileType = sourcecode.c.h; path = ViewController.h; sourceTree = "<group>"; };
		5C45B9361E2DC1A6003DB72D /* ViewController.m */ = {isa = PBXFileReference; lastKnownFileType = sourcecode.c.objc; path = ViewController.m; sourceTree = "<group>"; };
		5C45B9391E2DC1A6003DB72D /* Base */ = {isa = PBXFileReference; lastKnownFileType = file.storyboard; name = Base; path = Base.lproj/Main.storyboard; sourceTree = "<group>"; };
		5C45B93B1E2DC1A6003DB72D /* Assets.xcassets */ = {isa = PBXFileReference; lastKnownFileType = folder.assetcatalog; path = Assets.xcassets; sourceTree = "<group>"; };
		5C45B93E1E2DC1A6003DB72D /* Base */ = {isa = PBXFileReference; lastKnownFileType = file.storyboard; name = Base; path = Base.lproj/LaunchScreen.storyboard; sourceTree = "<group>"; };
		5C45B9401E2DC1A6003DB72D /* Info.plist */ = {isa = PBXFileReference; lastKnownFileType = text.plist.xml; path = Info.plist; sourceTree = "<group>"; };
		5C45B9451E2DC1A6003DB72D /* DropMenuDemoTests.xctest */ = {isa = PBXFileReference; explicitFileType = wrapper.cfbundle; includeInIndex = 0; path = DropMenuDemoTests.xctest; sourceTree = BUILT_PRODUCTS_DIR; };
		5C45B9491E2DC1A6003DB72D /* DropMenuDemoTests.m */ = {isa = PBXFileReference; lastKnownFileType = sourcecode.c.objc; path = DropMenuDemoTests.m; sourceTree = "<group>"; };
		5C45B94B1E2DC1A6003DB72D /* Info.plist */ = {isa = PBXFileReference; lastKnownFileType = text.plist.xml; path = Info.plist; sourceTree = "<group>"; };
		5C45B9501E2DC1A6003DB72D /* DropMenuDemoUITests.xctest */ = {isa = PBXFileReference; explicitFileType = wrapper.cfbundle; includeInIndex = 0; path = DropMenuDemoUITests.xctest; sourceTree = BUILT_PRODUCTS_DIR; };
		5C45B9541E2DC1A6003DB72D /* DropMenuDemoUITests.m */ = {isa = PBXFileReference; lastKnownFileType = sourcecode.c.objc; path = DropMenuDemoUITests.m; sourceTree = "<group>"; };
		5C45B9561E2DC1A6003DB72D /* Info.plist */ = {isa = PBXFileReference; lastKnownFileType = text.plist.xml; path = Info.plist; sourceTree = "<group>"; };
/* End PBXFileReference section */

/* Begin PBXFrameworksBuildPhase section */
		5C45B9291E2DC1A6003DB72D /* Frameworks */ = {
			isa = PBXFrameworksBuildPhase;
			buildActionMask = 2147483647;
			files = (
			);
			runOnlyForDeploymentPostprocessing = 0;
		};
		5C45B9421E2DC1A6003DB72D /* Frameworks */ = {
			isa = PBXFrameworksBuildPhase;
			buildActionMask = 2147483647;
			files = (
			);
			runOnlyForDeploymentPostprocessing = 0;
		};
		5C45B94D1E2DC1A6003DB72D /* Frameworks */ = {
			isa = PBXFrameworksBuildPhase;
			buildActionMask = 2147483647;
			files = (
			);
			runOnlyForDeploymentPostprocessing = 0;
		};
/* End PBXFrameworksBuildPhase section */

/* Begin PBXGroup section */
		5C45B9231E2DC1A6003DB72D = {
			isa = PBXGroup;
			children = (
				5C45B92E1E2DC1A6003DB72D /* DropMenuDemo */,
				5C45B9481E2DC1A6003DB72D /* DropMenuDemoTests */,
				5C45B9531E2DC1A6003DB72D /* DropMenuDemoUITests */,
				5C45B92D1E2DC1A6003DB72D /* Products */,
			);
			sourceTree = "<group>";
		};
		5C45B92D1E2DC1A6003DB72D /* Products */ = {
			isa = PBXGroup;
			children = (
				5C45B92C1E2DC1A6003DB72D /* DropMenuDemo.app */,
				5C45B9451E2DC1A6003DB72D /* DropMenuDemoTests.xctest */,
				5C45B9501E2DC1A6003DB72D /* DropMenuDemoUITests.xctest */,
			);
			name = Products;
			sourceTree = "<group>";
		};
		5C45B92E1E2DC1A6003DB72D /* DropMenuDemo */ = {
			isa = PBXGroup;
			children = (
				5C45B9321E2DC1A6003DB72D /* AppDelegate.h */,
				5C45B9331E2DC1A6003DB72D /* AppDelegate.m */,
				5C45B9351E2DC1A6003DB72D /* ViewController.h */,
				5C45B9361E2DC1A6003DB72D /* ViewController.m */,
				5C45B9381E2DC1A6003DB72D /* Main.storyboard */,
				5C45B93B1E2DC1A6003DB72D /* Assets.xcassets */,
				5C45B93D1E2DC1A6003DB72D /* LaunchScreen.storyboard */,
				5C45B9401E2DC1A6003DB72D /* Info.plist */,
				5C45B92F1E2DC1A6003DB72D /* Supporting Files */,
			);
			path = DropMenuDemo;
			sourceTree = "<group>";
		};
		5C45B92F1E2DC1A6003DB72D /* Supporting Files */ = {
			isa = PBXGroup;
			children = (
				5C45B9301E2DC1A6003DB72D /* main.m */,
			);
			name = "Supporting Files";
			sourceTree = "<group>";
		};
		5C45B9481E2DC1A6003DB72D /* DropMenuDemoTests */ = {
			isa = PBXGroup;
			children = (
				5C45B9491E2DC1A6003DB72D /* DropMenuDemoTests.m */,
				5C45B94B1E2DC1A6003DB72D /* Info.plist */,
			);
			path = DropMenuDemoTests;
			sourceTree = "<group>";
		};
		5C45B9531E2DC1A6003DB72D /* DropMenuDemoUITests */ = {
			isa = PBXGroup;
			children = (
				5C45B9541E2DC1A6003DB72D /* DropMenuDemoUITests.m */,
				5C45B9561E2DC1A6003DB72D /* Info.plist */,
			);
			path = DropMenuDemoUITests;
			sourceTree = "<group>";
		};
/* End PBXGroup section */

/* Begin PBXNativeTarget section */
		5C45B92B1E2DC1A6003DB72D /* DropMenuDemo */ = {
			isa = PBXNativeTarget;
			buildConfigurationList = 5C45B9591E2DC1A6003DB72D /* Build configuration list for PBXNativeTarget "DropMenuDemo" */;
			buildPhases = (
				5C45B9281E2DC1A6003DB72D /* Sources */,
				5C45B9291E2DC1A6003DB72D /* Frameworks */,
				5C45B92A1E2DC1A6003DB72D /* Resources */,
			);
			buildRules = (
			);
			dependencies = (
			);
			name = DropMenuDemo;
			productName = DropMenuDemo;
			productReference = 5C45B92C1E2DC1A6003DB72D /* DropMenuDemo.app */;
			productType = "com.apple.product-type.application";
		};
		5C45B9441E2DC1A6003DB72D /* DropMenuDemoTests */ = {
			isa = PBXNativeTarget;
			buildConfigurationList = 5C45B95C1E2DC1A6003DB72D /* Build configuration list for PBXNativeTarget "DropMenuDemoTests" */;
			buildPhases = (
				5C45B9411E2DC1A6003DB72D /* Sources */,
				5C45B9421E2DC1A6003DB72D /* Frameworks */,
				5C45B9431E2DC1A6003DB72D /* Resources */,
			);
			buildRules = (
			);
			dependencies = (
				5C45B9471E2DC1A6003DB72D /* PBXTargetDependency */,
			);
			name = DropMenuDemoTests;
			productName = DropMenuDemoTests;
			productReference = 5C45B9451E2DC1A6003DB72D /* DropMenuDemoTests.xctest */;
			productType = "com.apple.product-type.bundle.unit-test";
		};
		5C45B94F1E2DC1A6003DB72D /* DropMenuDemoUITests */ = {
			isa = PBXNativeTarget;
			buildConfigurationList = 5C45B95F1E2DC1A6003DB72D /* Build configuration list for PBXNativeTarget "DropMenuDemoUITests" */;
			buildPhases = (
				5C45B94C1E2DC1A6003DB72D /* Sources */,
				5C45B94D1E2DC1A6003DB72D /* Frameworks */,
				5C45B94E1E2DC1A6003DB72D /* Resources */,
			);
			buildRules = (
			);
			dependencies = (
				5C45B9521E2DC1A6003DB72D /* PBXTargetDependency */,
			);
			name = DropMenuDemoUITests;
			productName = DropMenuDemoUITests;
			productReference = 5C45B9501E2DC1A6003DB72D /* DropMenuDemoUITests.xctest */;
			productType = "com.apple.product-type.bundle.ui-testing";
		};
/* End PBXNativeTarget section */

/* Begin PBXProject section */
		5C45B9241E2DC1A6003DB72D /* Project object */ = {
			isa = PBXProject;
			attributes = {
				LastUpgradeCheck = 0820;
				ORGANIZATIONNAME = GeWei;
				TargetAttributes = {
					5C45B92B1E2DC1A6003DB72D = {
						CreatedOnToolsVersion = 8.2;
						DevelopmentTeam = 2GMPXW7YK8;
						ProvisioningStyle = Automatic;
					};
					5C45B9441E2DC1A6003DB72D = {
						CreatedOnToolsVersion = 8.2;
						DevelopmentTeam = 2GMPXW7YK8;
						ProvisioningStyle = Automatic;
						TestTargetID = 5C45B92B1E2DC1A6003DB72D;
					};
					5C45B94F1E2DC1A6003DB72D = {
						CreatedOnToolsVersion = 8.2;
						DevelopmentTeam = 2GMPXW7YK8;
						ProvisioningStyle = Automatic;
						TestTargetID = 5C45B92B1E2DC1A6003DB72D;
					};
				};
			};
			buildConfigurationList = 5C45B9271E2DC1A6003DB72D /* Build configuration list for PBXProject "DropMenuDemo" */;
			compatibilityVersion = "Xcode 3.2";
			developmentRegion = English;
			hasScannedForEncodings = 0;
			knownRegions = (
				en,
				Base,
			);
			mainGroup = 5C45B9231E2DC1A6003DB72D;
			productRefGroup = 5C45B92D1E2DC1A6003DB72D /* Products */;
			projectDirPath = "";
			projectRoot = "";
			targets = (
				5C45B92B1E2DC1A6003DB72D /* DropMenuDemo */,
				5C45B9441E2DC1A6003DB72D /* DropMenuDemoTests */,
				5C45B94F1E2DC1A6003DB72D /* DropMenuDemoUITests */,
			);
		};
/* End PBXProject section */

/* Begin PBXResourcesBuildPhase section */
		5C45B92A1E2DC1A6003DB72D /* Resources */ = {
			isa = PBXResourcesBuildPhase;
			buildActionMask = 2147483647;
			files = (
				5C45B93F1E2DC1A6003DB72D /* LaunchScreen.storyboard in Resources */,
				5C45B93C1E2DC1A6003DB72D /* Assets.xcassets in Resources */,
				5C45B93A1E2DC1A6003DB72D /* Main.storyboard in Resources */,
			);
			runOnlyForDeploymentPostprocessing = 0;
		};
		5C45B9431E2DC1A6003DB72D /* Resources */ = {
			isa = PBXResourcesBuildPhase;
			buildActionMask = 2147483647;
			files = (
			);
			runOnlyForDeploymentPostprocessing = 0;
		};
		5C45B94E1E2DC1A6003DB72D /* Resources */ = {
			isa = PBXResourcesBuildPhase;
			buildActionMask = 2147483647;
			files = (
			);
			runOnlyForDeploymentPostprocessing = 0;
		};
/* End PBXResourcesBuildPhase section */

/* Begin PBXSourcesBuildPhase section */
		5C45B9281E2DC1A6003DB72D /* Sources */ = {
			isa = PBXSourcesBuildPhase;
			buildActionMask = 2147483647;
			files = (
				5C45B9371E2DC1A6003DB72D /* ViewController.m in Sources */,
				5C45B9341E2DC1A6003DB72D /* AppDelegate.m in Sources */,
				5C45B9311E2DC1A6003DB72D /* main.m in Sources */,
			);
			runOnlyForDeploymentPostprocessing = 0;
		};
		5C45B9411E2DC1A6003DB72D /* Sources */ = {
			isa = PBXSourcesBuildPhase;
			buildActionMask = 2147483647;
			files = (
				5C45B94A1E2DC1A6003DB72D /* DropMenuDemoTests.m in Sources */,
			);
			runOnlyForDeploymentPostprocessing = 0;
		};
		5C45B94C1E2DC1A6003DB72D /* Sources */ = {
			isa = PBXSourcesBuildPhase;
			buildActionMask = 2147483647;
			files = (
				5C45B9551E2DC1A6003DB72D /* DropMenuDemoUITests.m in Sources */,
			);
			runOnlyForDeploymentPostprocessing = 0;
		};
/* End PBXSourcesBuildPhase section */

/* Begin PBXTargetDependency section */
		5C45B9471E2DC1A6003DB72D /* PBXTargetDependency */ = {
			isa = PBXTargetDependency;
			target = 5C45B92B1E2DC1A6003DB72D /* DropMenuDemo */;
			targetProxy = 5C45B9461E2DC1A6003DB72D /* PBXContainerItemProxy */;
		};
		5C45B9521E2DC1A6003DB72D /* PBXTargetDependency */ = {
			isa = PBXTargetDependency;
			target = 5C45B92B1E2DC1A6003DB72D /* DropMenuDemo */;
			targetProxy = 5C45B9511E2DC1A6003DB72D /* PBXContainerItemProxy */;
		};
/* End PBXTargetDependency section */

/* Begin PBXVariantGroup section */
		5C45B9381E2DC1A6003DB72D /* Main.storyboard */ = {
			isa = PBXVariantGroup;
			children = (
				5C45B9391E2DC1A6003DB72D /* Base */,
			);
			name = Main.storyboard;
			sourceTree = "<group>";
		};
		5C45B93D1E2DC1A6003DB72D /* LaunchScreen.storyboard */ = {
			isa = PBXVariantGroup;
			children = (
				5C45B93E1E2DC1A6003DB72D /* Base */,
			);
			name = LaunchScreen.storyboard;
			sourceTree = "<group>";
		};
/* End PBXVariantGroup section */

/* Begin XCBuildConfiguration section */
		5C45B9571E2DC1A6003DB72D /* Debug */ = {
			isa = XCBuildConfiguration;
			buildSettings = {
				ALWAYS_SEARCH_USER_PATHS = NO;
				CLANG_ANALYZER_NONNULL = YES;
				CLANG_CXX_LANGUAGE_STANDARD = "gnu++0x";
				CLANG_CXX_LIBRARY = "libc++";
				CLANG_ENABLE_MODULES = YES;
				CLANG_ENABLE_OBJC_ARC = YES;
				CLANG_WARN_BOOL_CONVERSION = YES;
				CLANG_WARN_CONSTANT_CONVERSION = YES;
				CLANG_WARN_DIRECT_OBJC_ISA_USAGE = YES_ERROR;
				CLANG_WARN_DOCUMENTATION_COMMENTS = YES;
				CLANG_WARN_EMPTY_BODY = YES;
				CLANG_WARN_ENUM_CONVERSION = YES;
				CLANG_WARN_INFINITE_RECURSION = YES;
				CLANG_WARN_INT_CONVERSION = YES;
				CLANG_WARN_OBJC_ROOT_CLASS = YES_ERROR;
				CLANG_WARN_SUSPICIOUS_MOVE = YES;
				CLANG_WARN_UNREACHABLE_CODE = YES;
				CLANG_WARN__DUPLICATE_METHOD_MATCH = YES;
				"CODE_SIGN_IDENTITY[sdk=iphoneos*]" = "iPhone Developer";
				COPY_PHASE_STRIP = NO;
				DEBUG_INFORMATION_FORMAT = dwarf;
				ENABLE_STRICT_OBJC_MSGSEND = YES;
				ENABLE_TESTABILITY = YES;
				GCC_C_LANGUAGE_STANDARD = gnu99;
				GCC_DYNAMIC_NO_PIC = NO;
				GCC_NO_COMMON_BLOCKS = YES;
				GCC_OPTIMIZATION_LEVEL = 0;
				GCC_PREPROCESSOR_DEFINITIONS = (
					"DEBUG=1",
					"$(inherited)",
				);
				GCC_WARN_64_TO_32_BIT_CONVERSION = YES;
				GCC_WARN_ABOUT_RETURN_TYPE = YES_ERROR;
				GCC_WARN_UNDECLARED_SELECTOR = YES;
				GCC_WARN_UNINITIALIZED_AUTOS = YES_AGGRESSIVE;
				GCC_WARN_UNUSED_FUNCTION = YES;
				GCC_WARN_UNUSED_VARIABLE = YES;
				IPHONEOS_DEPLOYMENT_TARGET = 10.2;
				MTL_ENABLE_DEBUG_INFO = YES;
				ONLY_ACTIVE_ARCH = YES;
				SDKROOT = iphoneos;
			};
			name = Debug;
		};
		5C45B9581E2DC1A6003DB72D /* Release */ = {
			isa = XCBuildConfiguration;
			buildSettings = {
				ALWAYS_SEARCH_USER_PATHS = NO;
				CLANG_ANALYZER_NONNULL = YES;
				CLANG_CXX_LANGUAGE_STANDARD = "gnu++0x";
				CLANG_CXX_LIBRARY = "libc++";
				CLANG_ENABLE_MODULES = YES;
				CLANG_ENABLE_OBJC_ARC = YES;
				CLANG_WARN_BOOL_CONVERSION = YES;
				CLANG_WARN_CONSTANT_CONVERSION = YES;
				CLANG_WARN_DIRECT_OBJC_ISA_USAGE = YES_ERROR;
				CLANG_WARN_DOCUMENTATION_COMMENTS = YES;
				CLANG_WARN_EMPTY_BODY = YES;
				CLANG_WARN_ENUM_CONVERSION = YES;
				CLANG_WARN_INFINITE_RECURSION = YES;
				CLANG_WARN_INT_CONVERSION = YES;
				CLANG_WARN_OBJC_ROOT_CLASS = YES_ERROR;
				CLANG_WARN_SUSPICIOUS_MOVE = YES;
				CLANG_WARN_UNREACHABLE_CODE = YES;
				CLANG_WARN__DUPLICATE_METHOD_MATCH = YES;
				"CODE_SIGN_IDENTITY[sdk=iphoneos*]" = "iPhone Developer";
				COPY_PHASE_STRIP = NO;
				DEBUG_INFORMATION_FORMAT = "dwarf-with-dsym";
				ENABLE_NS_ASSERTIONS = NO;
				ENABLE_STRICT_OBJC_MSGSEND = YES;
				GCC_C_LANGUAGE_STANDARD = gnu99;
				GCC_NO_COMMON_BLOCKS = YES;
				GCC_WARN_64_TO_32_BIT_CONVERSION = YES;
				GCC_WARN_ABOUT_RETURN_TYPE = YES_ERROR;
				GCC_WARN_UNDECLARED_SELECTOR = YES;
				GCC_WARN_UNINITIALIZED_AUTOS = YES_AGGRESSIVE;
				GCC_WARN_UNUSED_FUNCTION = YES;
				GCC_WARN_UNUSED_VARIABLE = YES;
				IPHONEOS_DEPLOYMENT_TARGET = 10.2;
				MTL_ENABLE_DEBUG_INFO = NO;
				SDKROOT = iphoneos;
				VALIDATE_PRODUCT = YES;
			};
			name = Release;
		};
		5C45B95A1E2DC1A6003DB72D /* Debug */ = {
			isa = XCBuildConfiguration;
			buildSettings = {
				ASSETCATALOG_COMPILER_APPICON_NAME = AppIcon;
				DEVELOPMENT_TEAM = 2GMPXW7YK8;
				INFOPLIST_FILE = DropMenuDemo/Info.plist;
				LD_RUNPATH_SEARCH_PATHS = "$(inherited) @executable_path/Frameworks";
				PRODUCT_BUNDLE_IDENTIFIER = autohome.DropMenuDemo;
				PRODUCT_NAME = "$(TARGET_NAME)";
			};
			name = Debug;
		};
		5C45B95B1E2DC1A6003DB72D /* Release */ = {
			isa = XCBuildConfiguration;
			buildSettings = {
				ASSETCATALOG_COMPILER_APPICON_NAME = AppIcon;
				DEVELOPMENT_TEAM = 2GMPXW7YK8;
				INFOPLIST_FILE = DropMenuDemo/Info.plist;
				LD_RUNPATH_SEARCH_PATHS = "$(inherited) @executable_path/Frameworks";
				PRODUCT_BUNDLE_IDENTIFIER = autohome.DropMenuDemo;
				PRODUCT_NAME = "$(TARGET_NAME)";
			};
			name = Release;
		};
		5C45B95D1E2DC1A6003DB72D /* Debug */ = {
			isa = XCBuildConfiguration;
			buildSettings = {
				BUNDLE_LOADER = "$(TEST_HOST)";
				DEVELOPMENT_TEAM = 2GMPXW7YK8;
				INFOPLIST_FILE = DropMenuDemoTests/Info.plist;
				LD_RUNPATH_SEARCH_PATHS = "$(inherited) @executable_path/Frameworks @loader_path/Frameworks";
				PRODUCT_BUNDLE_IDENTIFIER = autohome.DropMenuDemoTests;
				PRODUCT_NAME = "$(TARGET_NAME)";
				TEST_HOST = "$(BUILT_PRODUCTS_DIR)/DropMenuDemo.app/DropMenuDemo";
			};
			name = Debug;
		};
		5C45B95E1E2DC1A6003DB72D /* Release */ = {
			isa = XCBuildConfiguration;
			buildSettings = {
				BUNDLE_LOADER = "$(TEST_HOST)";
				DEVELOPMENT_TEAM = 2GMPXW7YK8;
				INFOPLIST_FILE = DropMenuDemoTests/Info.plist;
				LD_RUNPATH_SEARCH_PATHS = "$(inherited) @executable_path/Frameworks @loader_path/Frameworks";
				PRODUCT_BUNDLE_IDENTIFIER = autohome.DropMenuDemoTests;
				PRODUCT_NAME = "$(TARGET_NAME)";
				TEST_HOST = "$(BUILT_PRODUCTS_DIR)/DropMenuDemo.app/DropMenuDemo";
			};
			name = Release;
		};
		5C45B9601E2DC1A6003DB72D /* Debug */ = {
			isa = XCBuildConfiguration;
			buildSettings = {
				DEVELOPMENT_TEAM = 2GMPXW7YK8;
				INFOPLIST_FILE = DropMenuDemoUITests/Info.plist;
				LD_RUNPATH_SEARCH_PATHS = "$(inherited) @executable_path/Frameworks @loader_path/Frameworks";
				PRODUCT_BUNDLE_IDENTIFIER = autohome.DropMenuDemoUITests;
				PRODUCT_NAME = "$(TARGET_NAME)";
				TEST_TARGET_NAME = DropMenuDemo;
			};
			name = Debug;
		};
		5C45B9611E2DC1A6003DB72D /* Release */ = {
			isa = XCBuildConfiguration;
			buildSettings = {
				DEVELOPMENT_TEAM = 2GMPXW7YK8;
				INFOPLIST_FILE = DropMenuDemoUITests/Info.plist;
				LD_RUNPATH_SEARCH_PATHS = "$(inherited) @executable_path/Frameworks @loader_path/Frameworks";
				PRODUCT_BUNDLE_IDENTIFIER = autohome.DropMenuDemoUITests;
				PRODUCT_NAME = "$(TARGET_NAME)";
				TEST_TARGET_NAME = DropMenuDemo;
			};
			name = Release;
		};
/* End XCBuildConfiguration section */

/* Begin XCConfigurationList section */
		5C45B9271E2DC1A6003DB72D /* Build configuration list for PBXProject "DropMenuDemo" */ = {
			isa = XCConfigurationList;
			buildConfigurations = (
				5C45B9571E2DC1A6003DB72D /* Debug */,
				5C45B9581E2DC1A6003DB72D /* Release */,
			);
			defaultConfigurationIsVisible = 0;
			defaultConfigurationName = Release;
		};
		5C45B9591E2DC1A6003DB72D /* Build configuration list for PBXNativeTarget "DropMenuDemo" */ = {
			isa = XCConfigurationList;
			buildConfigurations = (
				5C45B95A1E2DC1A6003DB72D /* Debug */,
				5C45B95B1E2DC1A6003DB72D /* Release */,
			);
			defaultConfigurationIsVisible = 0;
		};
		5C45B95C1E2DC1A6003DB72D /* Build configuration list for PBXNativeTarget "DropMenuDemoTests" */ = {
			isa = XCConfigurationList;
			buildConfigurations = (
				5C45B95D1E2DC1A6003DB72D /* Debug */,
				5C45B95E1E2DC1A6003DB72D /* Release */,
			);
			defaultConfigurationIsVisible = 0;
		};
		5C45B95F1E2DC1A6003DB72D /* Build configuration list for PBXNativeTarget "DropMenuDemoUITests" */ = {
			isa = XCConfigurationList;
			buildConfigurations = (
				5C45B9601E2DC1A6003DB72D /* Debug */,
				5C45B9611E2DC1A6003DB72D /* Release */,
			);
			defaultConfigurationIsVisible = 0;
		};
/* End XCConfigurationList section */
	};
	rootObject = 5C45B9241E2DC1A6003DB72D /* Project object */;
}
